<?xml version="1.0" encoding="utf-8"?>
<Project ToolsVersion="4.0" xmlns="http://schemas.microsoft.com/developer/msbuild/2003">
  <ItemGroup>
    <Filter Include="Source Files">
      <UniqueIdentifier>{4FC737F1-C7A5-4376-A066-2A32D752A2FF}</UniqueIdentifier>
      <Extensions>cpp;c;cc;cxx;def;odl;idl;hpj;bat;asm;asmx</Extensions>
    </Filter>
    <Filter Include="Header Files">
      <UniqueIdentifier>{93995380-89BD-4b04-88EB-625FBE52EBFB}</UniqueIdentifier>
      <Extensions>h;hh;hpp;hxx;hm;inl;inc;xsd</Extensions>
    </Filter>
    <Filter Include="Resource Files">
      <UniqueIdentifier>{67DA6AB6-F800-4c08-8B7A-83BB121AAD01}</UniqueIdentifier>
      <Extensions>rc;ico;cur;bmp;dlg;rc2;rct;bin;rgs;gif;jpg;jpeg;jpe;resx;tiff;tif;png;wav;mfcribbon-ms</Extensions>
    </Filter>
    <Filter Include="Commands">
      <UniqueIdentifier>{e5f7e5e6-4fa2-4f0f-8e09-458db67877ee}</UniqueIdentifier>
    </Filter>
    <Filter Include="Source">
      <UniqueIdentifier>{1cc0d5d6-9e77-4461-acfd-9dbddd6c771e}</UniqueIdentifier>
    </Filter>
  </ItemGroup>
  <ItemGroup>
    <ClInclude Include="stdafx.h">
      <Filter>Header Files</Filter>
    </ClInclude>
    <ClInclude Include="targetver.h">
      <Filter>Header Files</Filter>
    </ClInclude>
    <ClInclude Include="resource.h">
      <Filter>Header Files</Filter>
    </ClInclude>
  </ItemGroup>
  <ItemGroup>
    <ClCompile Include="stdafx.cpp">
      <Filter>Source Files</Filter>
    </ClCompile>
    <ClCompile Include="Delete_Command.cpp">
      <Filter>Commands</Filter>
    </ClCompile>
    <ClCompile Include="Help_Command.cpp">
      <Filter>Commands</Filter>
    </ClCompile>
    <ClCompile Include="Input_Alphabet.cpp">
      <Filter>Commands</Filter>
    </ClCompile>
    <ClCompile Include="List_Command.cpp">
      <Filter>Commands</Filter>
    </ClCompile>
    <ClCompile Include="Insert_Command.cpp">
      <Filter>Commands</Filter>
    </ClCompile>
    <ClCompile Include="Quit_Command.cpp">
      <Filter>Commands</Filter>
    </ClCompile>
    <ClCompile Include="Run_Command.cpp">
      <Filter>Commands</Filter>
    </ClCompile>
    <ClCompile Include="Set_Command.cpp">
      <Filter>Commands</Filter>
    </ClCompile>
    <ClCompile Include="Show_Command.cpp">
      <Filter>Commands</Filter>
    </ClCompile>
    <ClCompile Include="States.cpp">
      <Filter>Commands</Filter>
    </ClCompile>
    <ClCompile Include="Tape.cpp">
      <Filter>Commands</Filter>
    </ClCompile>
    <ClCompile Include="Tape_Alphabet.cpp">
      <Filter>Commands</Filter>
    </ClCompile>
    <ClCompile Include="Transition.cpp">
      <Filter>Commands</Filter>
    </ClCompile>
    <ClCompile Include="Transition_Function.cpp">
      <Filter>Commands</Filter>
    </ClCompile>
    <ClCompile Include="Truncate_Command.cpp">
      <Filter>Commands</Filter>
    </ClCompile>
    <ClCompile Include="Turing_Machine.cpp">
      <Filter>Commands</Filter>
    </ClCompile>
    <ClCompile Include="Uppercase.cpp">
      <Filter>Commands</Filter>
    </ClCompile>
    <ClCompile Include="View_Command.cpp">
      <Filter>Commands</Filter>
    </ClCompile>
    <ClCompile Include="Visible.cpp">
      <Filter>Commands</Filter>
    </ClCompile>
  </ItemGroup>
</Project>